{
  "originHash" : "214f86856a4e11af082ef6e268aa7a70b1184e9a4a7c12b4b96bd9c53392a86a",
  "pins" : [
    {
      "identity" : "fluidaudio",
      "kind" : "remoteSourceControl",
      "location" : "https://github.com/FluidInference/FluidAudio.git",
      "state" : {
        "revision" : "b1c82cfbfd303698f330b6a347dbfadf093463e4",
        "version" : "0.15.0"
      }
    }
  ],
  "version" : 3
}
